
Microsoft Visual Studio Solution File, Format Version 12.00
# Visual Studio Version 16
VisualStudioVersion = 25.0.1704.2
MinimumVisualStudioVersion = 10.0.40219.1
Project("{FAE04EC0-301F-11D3-BF4B-00C04F79EFBC}") = "MCBAAdminApi", "MCBAAdminApi.csproj", "{B8F85958-35D0-4138-B0A5-454D4553D595}"
EndProject
Global
	GlobalSection(SolutionConfigurationPlatforms) = preSolution
		Debug|Any CPU = Debug|Any CPU
		Release|Any CPU = Release|Any CPU
	EndGlobalSection
	GlobalSection(ProjectConfigurationPlatforms) = postSolution
		{B8F85958-35D0-4138-B0A5-454D4553D595}.Debug|Any CPU.ActiveCfg = Debug|Any CPU
		{B8F85958-35D0-4138-B0A5-454D4553D595}.Debug|Any CPU.Build.0 = Debug|Any CPU
		{B8F85958-35D0-4138-B0A5-454D4553D595}.Release|Any CPU.ActiveCfg = Release|Any CPU
		{B8F85958-35D0-4138-B0A5-454D4553D595}.Release|Any CPU.Build.0 = Release|Any CPU
	EndGlobalSection
	GlobalSection(SolutionProperties) = preSolution
		HideSolutionNode = FALSE
	EndGlobalSection
	GlobalSection(ExtensibilityGlobals) = postSolution
		SolutionGuid = {A99943DB-8054-451A-B2EE-DACD4389C0DB}
	EndGlobalSection
EndGlobal
